
Microsoft Visual Studio Solution File, Format Version 12.00
# Visual Studio Version 17
VisualStudioVersion = 17.10.35013.160
MinimumVisualStudioVersion = 10.0.40219.1
Project("{FAE04EC0-301F-11D3-BF4B-00C04F79EFBC}") = "AntiCrash", "AntiCrash\AntiCrash.csproj", "{FA71761B-ED8A-4A22-BCA3-D7CEC6031616}"
EndProject
Global
	GlobalSection(SolutionConfigurationPlatforms) = preSolution
		Debug|Any CPU = Debug|Any CPU
		Release|Any CPU = Release|Any CPU
	EndGlobalSection
	GlobalSection(ProjectConfigurationPlatforms) = postSolution
		{FA71761B-ED8A-4A22-BCA3-D7CEC6031616}.Debug|Any CPU.ActiveCfg = Debug|Any CPU
		{FA71761B-ED8A-4A22-BCA3-D7CEC6031616}.Debug|Any CPU.Build.0 = Debug|Any CPU
		{FA71761B-ED8A-4A22-BCA3-D7CEC6031616}.Release|Any CPU.ActiveCfg = Release|Any CPU
		{FA71761B-ED8A-4A22-BCA3-D7CEC6031616}.Release|Any CPU.Build.0 = Release|Any CPU
	EndGlobalSection
	GlobalSection(SolutionProperties) = preSolution
		HideSolutionNode = FALSE
	EndGlobalSection
	GlobalSection(ExtensibilityGlobals) = postSolution
		SolutionGuid = {97747657-4E2E-4B1F-B9DF-56B2C9E0C8BF}
	EndGlobalSection
EndGlobal
